
Microsoft Visual Studio Solution File, Format Version 12.00
# Visual Studio Version 17
VisualStudioVersion = 17.4.33122.133
MinimumVisualStudioVersion = 10.0.40219.1
Project("{FAE04EC0-301F-11D3-BF4B-00C04F79EFBC}") = "Day3Inheritanc", "Day3Inheritanc\Day3Inheritanc.csproj", "{B50F8DBB-2280-45B4-B5FC-6E2124A4FB05}"
EndProject
Global
	GlobalSection(SolutionConfigurationPlatforms) = preSolution
		Debug|Any CPU = Debug|Any CPU
		Release|Any CPU = Release|Any CPU
	EndGlobalSection
	GlobalSection(ProjectConfigurationPlatforms) = postSolution
		{B50F8DBB-2280-45B4-B5FC-6E2124A4FB05}.Debug|Any CPU.ActiveCfg = Debug|Any CPU
		{B50F8DBB-2280-45B4-B5FC-6E2124A4FB05}.Debug|Any CPU.Build.0 = Debug|Any CPU
		{B50F8DBB-2280-45B4-B5FC-6E2124A4FB05}.Release|Any CPU.ActiveCfg = Release|Any CPU
		{B50F8DBB-2280-45B4-B5FC-6E2124A4FB05}.Release|Any CPU.Build.0 = Release|Any CPU
	EndGlobalSection
	GlobalSection(SolutionProperties) = preSolution
		HideSolutionNode = FALSE
	EndGlobalSection
	GlobalSection(ExtensibilityGlobals) = postSolution
		SolutionGuid = {F3B67294-360F-4917-B71F-61DA5E5ADE61}
	EndGlobalSection
EndGlobal
